{
  "name": "moondoc",
  "version": "1.0.0",
  "lockfileVersion": 3,
  "requires": true,
  "packages": {
    "": {
      "name": "moondoc",
      "version": "1.0.0",
      "license": "MPL-2.0",
      "dependencies": {
        "applause-cli": "^1.8.2"
      }
    },
    "node_modules/applause-cli": {
      "version": "1.8.2",
      "resolved": "https://registry.npmjs.org/applause-cli/-/applause-cli-1.8.2.tgz",
      "integrity": "sha512-ZNA/p8e+O6ToDb7nQtArAEpYtawua8HFCP3DVm24xusaXRHiJhpGLI07h+LgBq5PO0bflheUFS5+j+mZKG/t0Q=="
    }
  }
}
